
Microsoft Visual Studio Solution File, Format Version 12.00
# Visual Studio Version 17
VisualStudioVersion = 17.11.35208.52
MinimumVisualStudioVersion = 10.0.40219.1
Project("{8BC9CEB8-8B4A-11D0-8D11-00A0C91BC942}") = "Inline Hooking", "Inline Hooking.vcxproj", "{56199604-BF25-4408-B8B2-8B6E9BB62762}"
EndProject
Global
	GlobalSection(SolutionConfigurationPlatforms) = preSolution
		Debug|x64 = Debug|x64
		Debug|x86 = Debug|x86
		Release|x64 = Release|x64
		Release|x86 = Release|x86
	EndGlobalSection
	GlobalSection(ProjectConfigurationPlatforms) = postSolution
		{56199604-BF25-4408-B8B2-8B6E9BB62762}.Debug|x64.ActiveCfg = Debug|x64
		{56199604-BF25-4408-B8B2-8B6E9BB62762}.Debug|x64.Build.0 = Debug|x64
		{56199604-BF25-4408-B8B2-8B6E9BB62762}.Debug|x86.ActiveCfg = Debug|Win32
		{56199604-BF25-4408-B8B2-8B6E9BB62762}.Debug|x86.Build.0 = Debug|Win32
		{56199604-BF25-4408-B8B2-8B6E9BB62762}.Release|x64.ActiveCfg = Release|x64
		{56199604-BF25-4408-B8B2-8B6E9BB62762}.Release|x64.Build.0 = Release|x64
		{56199604-BF25-4408-B8B2-8B6E9BB62762}.Release|x86.ActiveCfg = Release|Win32
		{56199604-BF25-4408-B8B2-8B6E9BB62762}.Release|x86.Build.0 = Release|Win32
	EndGlobalSection
	GlobalSection(SolutionProperties) = preSolution
		HideSolutionNode = FALSE
	EndGlobalSection
	GlobalSection(ExtensibilityGlobals) = postSolution
		SolutionGuid = {63811A9D-E7B1-4E16-B7AA-F8F8B6F71BDC}
	EndGlobalSection
EndGlobal
